
Microsoft Visual Studio Solution File, Format Version 12.00
# Visual Studio Version 17
VisualStudioVersion = 17.13.35931.197 d17.13
MinimumVisualStudioVersion = 10.0.40219.1
Project("{FAE04EC0-301F-11D3-BF4B-00C04F79EFBC}") = "CoopTanks", "CoopTanks.csproj", "{0896FDA4-CF19-4229-1BBA-768CF3513F53}"
EndProject
Global
	GlobalSection(SolutionConfigurationPlatforms) = preSolution
		Debug|Any CPU = Debug|Any CPU
		Release|Any CPU = Release|Any CPU
	EndGlobalSection
	GlobalSection(ProjectConfigurationPlatforms) = postSolution
		{0896FDA4-CF19-4229-1BBA-768CF3513F53}.Debug|Any CPU.ActiveCfg = Debug|Any CPU
		{0896FDA4-CF19-4229-1BBA-768CF3513F53}.Debug|Any CPU.Build.0 = Debug|Any CPU
		{0896FDA4-CF19-4229-1BBA-768CF3513F53}.Release|Any CPU.ActiveCfg = Release|Any CPU
		{0896FDA4-CF19-4229-1BBA-768CF3513F53}.Release|Any CPU.Build.0 = Release|Any CPU
	EndGlobalSection
	GlobalSection(SolutionProperties) = preSolution
		HideSolutionNode = FALSE
	EndGlobalSection
	GlobalSection(ExtensibilityGlobals) = postSolution
		SolutionGuid = {15ACF46F-7E91-4887-966E-A9849F073637}
	EndGlobalSection
EndGlobal
